
Microsoft Visual Studio Solution File, Format Version 9.00
# Visual Studio 2005
Project("{8BC9CEB8-8B4A-11D0-8D11-00A0C91BC942}") = "KOHC", "KOHC.vcproj", "{288D3994-F426-427D-A9D8-1FB55FEBADFE}"
EndProject
Global
	GlobalSection(SolutionConfigurationPlatforms) = preSolution
		Debug|Win32 = Debug|Win32
		Release|Win32 = Release|Win32
	EndGlobalSection
	GlobalSection(ProjectConfigurationPlatforms) = postSolution
		{288D3994-F426-427D-A9D8-1FB55FEBADFE}.Debug|Win32.ActiveCfg = Debug|Win32
		{288D3994-F426-427D-A9D8-1FB55FEBADFE}.Debug|Win32.Build.0 = Debug|Win32
		{288D3994-F426-427D-A9D8-1FB55FEBADFE}.Release|Win32.ActiveCfg = Release|Win32
		{288D3994-F426-427D-A9D8-1FB55FEBADFE}.Release|Win32.Build.0 = Release|Win32
	EndGlobalSection
	GlobalSection(SolutionProperties) = preSolution
		HideSolutionNode = FALSE
	EndGlobalSection
EndGlobal
